// !$*UTF8*$!
{
	archiveVersion = 1;
	classes = {
	};
	objectVersion = 56;
	objects = {

/* Begin PBXBuildFile section */
		D50D08A62C693ED300722C33 /* LittleLemonReservationAppApp.swift in Sources */ = {isa = PBXBuildFile; fileRef = D50D08A52C693ED300722C33 /* LittleLemonReservationAppApp.swift */; };
		D50D08A82C693ED300722C33 /* ContentView.swift in Sources */ = {isa = PBXBuildFile; fileRef = D50D08A72C693ED300722C33 /* ContentView.swift */; };
		D50D08AA2C693ED700722C33 /* Assets.xcassets in Resources */ = {isa = PBXBuildFile; fileRef = D50D08A92C693ED700722C33 /* Assets.xcassets */; };
		D50D08AD2C693ED700722C33 /* Preview Assets.xcassets in Resources */ = {isa = PBXBuildFile; fileRef = D50D08AC2C693ED700722C33 /* Preview Assets.xcassets */; };
		D50D08B72C693ED700722C33 /* LittleLemonReservationAppTests.swift in Sources */ = {isa = PBXBuildFile; fileRef = D50D08B62C693ED700722C33 /* LittleLemonReservationAppTests.swift */; };
		D50D08C12C693ED800722C33 /* LittleLemonReservationAppUITests.swift in Sources */ = {isa = PBXBuildFile; fileRef = D50D08C02C693ED800722C33 /* LittleLemonReservationAppUITests.swift */; };
		D50D08C32C693ED800722C33 /* LittleLemonReservationAppUITestsLaunchTests.swift in Sources */ = {isa = PBXBuildFile; fileRef = D50D08C22C693ED800722C33 /* LittleLemonReservationAppUITestsLaunchTests.swift */; };
		D5FC2B8B2C6A989700F54B18 /* LocationView.swift in Sources */ = {isa = PBXBuildFile; fileRef = D5FC2B8A2C6A989700F54B18 /* LocationView.swift */; };
		D5FC2B8D2C6A98DD00F54B18 /* ReservationFormView.swift in Sources */ = {isa = PBXBuildFile; fileRef = D5FC2B8C2C6A98DD00F54B18 /* ReservationFormView.swift */; };
/* End PBXBuildFile section */

/* Begin PBXContainerItemProxy section */
		D50D08B32C693ED700722C33 /* PBXContainerItemProxy */ = {
			isa = PBXContainerItemProxy;
			containerPortal = D50D089A2C693ED300722C33 /* Project object */;
			proxyType = 1;
			remoteGlobalIDString = D50D08A12C693ED300722C33;
			remoteInfo = LittleLemonReservationApp;
		};
		D50D08BD2C693ED800722C33 /* PBXContainerItemProxy */ = {
			isa = PBXContainerItemProxy;
			containerPortal = D50D089A2C693ED300722C33 /* Project object */;
			proxyType = 1;
			remoteGlobalIDString = D50D08A12C693ED300722C33;
			remoteInfo = LittleLemonReservationApp;
		};
/* End PBXContainerItemProxy section */

/* Begin PBXFileReference section */
		D50D08A22C693ED300722C33 /* LittleLemonReservationApp.app */ = {isa = PBXFileReference; explicitFileType = wrapper.application; includeInIndex = 0; path = LittleLemonReservationApp.app; sourceTree = BUILT_PRODUCTS_DIR; };
		D50D08A52C693ED300722C33 /* LittleLemonReservationAppApp.swift */ = {isa = PBXFileReference; lastKnownFileType = sourcecode.swift; path = LittleLemonReservationAppApp.swift; sourceTree = "<group>"; };
		D50D08A72C693ED300722C33 /* ContentView.swift */ = {isa = PBXFileReference; lastKnownFileType = sourcecode.swift; path = ContentView.swift; sourceTree = "<group>"; };
		D50D08A92C693ED700722C33 /* Assets.xcassets */ = {isa = PBXFileReference; lastKnownFileType = folder.assetcatalog; path = Assets.xcassets; sourceTree = "<group>"; };
		D50D08AC2C693ED700722C33 /* Preview Assets.xcassets */ = {isa = PBXFileReference; lastKnownFileType = folder.assetcatalog; path = "Preview Assets.xcassets"; sourceTree = "<group>"; };
		D50D08B22C693ED700722C33 /* LittleLemonReservationAppTests.xctest */ = {isa = PBXFileReference; explicitFileType = wrapper.cfbundle; includeInIndex = 0; path = LittleLemonReservationAppTests.xctest; sourceTree = BUILT_PRODUCTS_DIR; };
		D50D08B62C693ED700722C33 /* LittleLemonReservationAppTests.swift */ = {isa = PBXFileReference; lastKnownFileType = sourcecode.swift; path = LittleLemonReservationAppTests.swift; sourceTree = "<group>"; };
		D50D08BC2C693ED800722C33 /* LittleLemonReservationAppUITests.xctest */ = {isa = PBXFileReference; explicitFileType = wrapper.cfbundle; includeInIndex = 0; path = LittleLemonReservationAppUITests.xctest; sourceTree = BUILT_PRODUCTS_DIR; };
		D50D08C02C693ED800722C33 /* LittleLemonReservationAppUITests.swift */ = {isa = PBXFileReference; lastKnownFileType = sourcecode.swift; path = LittleLemonReservationAppUITests.swift; sourceTree = "<group>"; };
		D50D08C22C693ED800722C33 /* LittleLemonReservationAppUITestsLaunchTests.swift */ = {isa = PBXFileReference; lastKnownFileType = sourcecode.swift; path = LittleLemonReservationAppUITestsLaunchTests.swift; sourceTree = "<group>"; };
		D5FC2B8A2C6A989700F54B18 /* LocationView.swift */ = {isa = PBXFileReference; lastKnownFileType = sourcecode.swift; path = LocationView.swift; sourceTree = "<group>"; };
		D5FC2B8C2C6A98DD00F54B18 /* ReservationFormView.swift */ = {isa = PBXFileReference; lastKnownFileType = sourcecode.swift; path = ReservationFormView.swift; sourceTree = "<group>"; };
/* End PBXFileReference section */

/* Begin PBXFrameworksBuildPhase section */
		D50D089F2C693ED300722C33 /* Frameworks */ = {
			isa = PBXFrameworksBuildPhase;
			buildActionMask = 2147483647;
			files = (
			);
			runOnlyForDeploymentPostprocessing = 0;
		};
		D50D08AF2C693ED700722C33 /* Frameworks */ = {
			isa = PBXFrameworksBuildPhase;
			buildActionMask = 2147483647;
			files = (
			);
			runOnlyForDeploymentPostprocessing = 0;
		};
		D50D08B92C693ED800722C33 /* Frameworks */ = {
			isa = PBXFrameworksBuildPhase;
			buildActionMask = 2147483647;
			files = (
			);
			runOnlyForDeploymentPostprocessing = 0;
		};
/* End PBXFrameworksBuildPhase section */

/* Begin PBXGroup section */
		D50D08992C693ED300722C33 = {
			isa = PBXGroup;
			children = (
				D50D08A42C693ED300722C33 /* LittleLemonReservationApp */,
				D50D08B52C693ED700722C33 /* LittleLemonReservationAppTests */,
				D50D08BF2C693ED800722C33 /* LittleLemonReservationAppUITests */,
				D50D08A32C693ED300722C33 /* Products */,
			);
			sourceTree = "<group>";
		};
		D50D08A32C693ED300722C33 /* Products */ = {
			isa = PBXGroup;
			children = (
				D50D08A22C693ED300722C33 /* LittleLemonReservationApp.app */,
				D50D08B22C693ED700722C33 /* LittleLemonReservationAppTests.xctest */,
				D50D08BC2C693ED800722C33 /* LittleLemonReservationAppUITests.xctest */,
			);
			name = Products;
			sourceTree = "<group>";
		};
		D50D08A42C693ED300722C33 /* LittleLemonReservationApp */ = {
			isa = PBXGroup;
			children = (
				D50D08A52C693ED300722C33 /* LittleLemonReservationAppApp.swift */,
				D50D08A72C693ED300722C33 /* ContentView.swift */,
				D50D08A92C693ED700722C33 /* Assets.xcassets */,
				D50D08AB2C693ED700722C33 /* Preview Content */,
				D5FC2B8A2C6A989700F54B18 /* LocationView.swift */,
				D5FC2B8C2C6A98DD00F54B18 /* ReservationFormView.swift */,
			);
			path = LittleLemonReservationApp;
			sourceTree = "<group>";
		};
		D50D08AB2C693ED700722C33 /* Preview Content */ = {
			isa = PBXGroup;
			children = (
				D50D08AC2C693ED700722C33 /* Preview Assets.xcassets */,
			);
			path = "Preview Content";
			sourceTree = "<group>";
		};
		D50D08B52C693ED700722C33 /* LittleLemonReservationAppTests */ = {
			isa = PBXGroup;
			children = (
				D50D08B62C693ED700722C33 /* LittleLemonReservationAppTests.swift */,
			);
			path = LittleLemonReservationAppTests;
			sourceTree = "<group>";
		};
		D50D08BF2C693ED800722C33 /* LittleLemonReservationAppUITests */ = {
			isa = PBXGroup;
			children = (
				D50D08C02C693ED800722C33 /* LittleLemonReservationAppUITests.swift */,
				D50D08C22C693ED800722C33 /* LittleLemonReservationAppUITestsLaunchTests.swift */,
			);
			path = LittleLemonReservationAppUITests;
			sourceTree = "<group>";
		};
/* End PBXGroup section */

/* Begin PBXNativeTarget section */
		D50D08A12C693ED300722C33 /* LittleLemonReservationApp */ = {
			isa = PBXNativeTarget;
			buildConfigurationList = D50D08C62C693ED800722C33 /* Build configuration list for PBXNativeTarget "LittleLemonReservationApp" */;
			buildPhases = (
				D50D089E2C693ED300722C33 /* Sources */,
				D50D089F2C693ED300722C33 /* Frameworks */,
				D50D08A02C693ED300722C33 /* Resources */,
			);
			buildRules = (
			);
			dependencies = (
			);
			name = LittleLemonReservationApp;
			productName = LittleLemonReservationApp;
			productReference = D50D08A22C693ED300722C33 /* LittleLemonReservationApp.app */;
			productType = "com.apple.product-type.application";
		};
		D50D08B12C693ED700722C33 /* LittleLemonReservationAppTests */ = {
			isa = PBXNativeTarget;
			buildConfigurationList = D50D08C92C693ED800722C33 /* Build configuration list for PBXNativeTarget "LittleLemonReservationAppTests" */;
			buildPhases = (
				D50D08AE2C693ED700722C33 /* Sources */,
				D50D08AF2C693ED700722C33 /* Frameworks */,
				D50D08B02C693ED700722C33 /* Resources */,
			);
			buildRules = (
			);
			dependencies = (
				D50D08B42C693ED700722C33 /* PBXTargetDependency */,
			);
			name = LittleLemonReservationAppTests;
			productName = LittleLemonReservationAppTests;
			productReference = D50D08B22C693ED700722C33 /* LittleLemonReservationAppTests.xctest */;
			productType = "com.apple.product-type.bundle.unit-test";
		};
		D50D08BB2C693ED800722C33 /* LittleLemonReservationAppUITests */ = {
			isa = PBXNativeTarget;
			buildConfigurationList = D50D08CC2C693ED800722C33 /* Build configuration list for PBXNativeTarget "LittleLemonReservationAppUITests" */;
			buildPhases = (
				D50D08B82C693ED800722C33 /* Sources */,
				D50D08B92C693ED800722C33 /* Frameworks */,
				D50D08BA2C693ED800722C33 /* Resources */,
			);
			buildRules = (
			);
			dependencies = (
				D50D08BE2C693ED800722C33 /* PBXTargetDependency */,
			);
			name = LittleLemonReservationAppUITests;
			productName = LittleLemonReservationAppUITests;
			productReference = D50D08BC2C693ED800722C33 /* LittleLemonReservationAppUITests.xctest */;
			productType = "com.apple.product-type.bundle.ui-testing";
		};
/* End PBXNativeTarget section */

/* Begin PBXProject section */
		D50D089A2C693ED300722C33 /* Project object */ = {
			isa = PBXProject;
			attributes = {
				BuildIndependentTargetsInParallel = 1;
				LastSwiftUpdateCheck = 1540;
				LastUpgradeCheck = 1540;
				TargetAttributes = {
					D50D08A12C693ED300722C33 = {
						CreatedOnToolsVersion = 15.4;
					};
					D50D08B12C693ED700722C33 = {
						CreatedOnToolsVersion = 15.4;
						TestTargetID = D50D08A12C693ED300722C33;
					};
					D50D08BB2C693ED800722C33 = {
						CreatedOnToolsVersion = 15.4;
						TestTargetID = D50D08A12C693ED300722C33;
					};
				};
			};
			buildConfigurationList = D50D089D2C693ED300722C33 /* Build configuration list for PBXProject "LittleLemonReservationApp" */;
			compatibilityVersion = "Xcode 14.0";
			developmentRegion = en;
			hasScannedForEncodings = 0;
			knownRegions = (
				en,
				Base,
			);
			mainGroup = D50D08992C693ED300722C33;
			productRefGroup = D50D08A32C693ED300722C33 /* Products */;
			projectDirPath = "";
			projectRoot = "";
			targets = (
				D50D08A12C693ED300722C33 /* LittleLemonReservationApp */,
				D50D08B12C693ED700722C33 /* LittleLemonReservationAppTests */,
				D50D08BB2C693ED800722C33 /* LittleLemonReservationAppUITests */,
			);
		};
/* End PBXProject section */

/* Begin PBXResourcesBuildPhase section */
		D50D08A02C693ED300722C33 /* Resources */ = {
			isa = PBXResourcesBuildPhase;
			buildActionMask = 2147483647;
			files = (
				D50D08AD2C693ED700722C33 /* Preview Assets.xcassets in Resources */,
				D50D08AA2C693ED700722C33 /* Assets.xcassets in Resources */,
			);
			runOnlyForDeploymentPostprocessing = 0;
		};
		D50D08B02C693ED700722C33 /* Resources */ = {
			isa = PBXResourcesBuildPhase;
			buildActionMask = 2147483647;
			files = (
			);
			runOnlyForDeploymentPostprocessing = 0;
		};
		D50D08BA2C693ED800722C33 /* Resources */ = {
			isa = PBXResourcesBuildPhase;
			buildActionMask = 2147483647;
			files = (
			);
			runOnlyForDeploymentPostprocessing = 0;
		};
/* End PBXResourcesBuildPhase section */

/* Begin PBXSourcesBuildPhase section */
		D50D089E2C693ED300722C33 /* Sources */ = {
			isa = PBXSourcesBuildPhase;
			buildActionMask = 2147483647;
			files = (
				D50D08A82C693ED300722C33 /* ContentView.swift in Sources */,
				D5FC2B8D2C6A98DD00F54B18 /* ReservationFormView.swift in Sources */,
				D5FC2B8B2C6A989700F54B18 /* LocationView.swift in Sources */,
				D50D08A62C693ED300722C33 /* LittleLemonReservationAppApp.swift in Sources */,
			);
			runOnlyForDeploymentPostprocessing = 0;
		};
		D50D08AE2C693ED700722C33 /* Sources */ = {
			isa = PBXSourcesBuildPhase;
			buildActionMask = 2147483647;
			files = (
				D50D08B72C693ED700722C33 /* LittleLemonReservationAppTests.swift in Sources */,
			);
			runOnlyForDeploymentPostprocessing = 0;
		};
		D50D08B82C693ED800722C33 /* Sources */ = {
			isa = PBXSourcesBuildPhase;
			buildActionMask = 2147483647;
			files = (
				D50D08C12C693ED800722C33 /* LittleLemonReservationAppUITests.swift in Sources */,
				D50D08C32C693ED800722C33 /* LittleLemonReservationAppUITestsLaunchTests.swift in Sources */,
			);
			runOnlyForDeploymentPostprocessing = 0;
		};
/* End PBXSourcesBuildPhase section */

/* Begin PBXTargetDependency section */
		D50D08B42C693ED700722C33 /* PBXTargetDependency */ = {
			isa = PBXTargetDependency;
			target = D50D08A12C693ED300722C33 /* LittleLemonReservationApp */;
			targetProxy = D50D08B32C693ED700722C33 /* PBXContainerItemProxy */;
		};
		D50D08BE2C693ED800722C33 /* PBXTargetDependency */ = {
			isa = PBXTargetDependency;
			target = D50D08A12C693ED300722C33 /* LittleLemonReservationApp */;
			targetProxy = D50D08BD2C693ED800722C33 /* PBXContainerItemProxy */;
		};
/* End PBXTargetDependency section */

/* Begin XCBuildConfiguration section */
		D50D08C42C693ED800722C33 /* Debug */ = {
			isa = XCBuildConfiguration;
			buildSettings = {
				ALWAYS_SEARCH_USER_PATHS = NO;
				ASSETCATALOG_COMPILER_GENERATE_SWIFT_ASSET_SYMBOL_EXTENSIONS = YES;
				CLANG_ANALYZER_NONNULL = YES;
				CLANG_ANALYZER_NUMBER_OBJECT_CONVERSION = YES_AGGRESSIVE;
				CLANG_CXX_LANGUAGE_STANDARD = "gnu++20";
				CLANG_ENABLE_MODULES = YES;
				CLANG_ENABLE_OBJC_ARC = YES;
				CLANG_ENABLE_OBJC_WEAK = YES;
				CLANG_WARN_BLOCK_CAPTURE_AUTORELEASING = YES;
				CLANG_WARN_BOOL_CONVERSION = YES;
				CLANG_WARN_COMMA = YES;
				CLANG_WARN_CONSTANT_CONVERSION = YES;
				CLANG_WARN_DEPRECATED_OBJC_IMPLEMENTATIONS = YES;
				CLANG_WARN_DIRECT_OBJC_ISA_USAGE = YES_ERROR;
				CLANG_WARN_DOCUMENTATION_COMMENTS = YES;
				CLANG_WARN_EMPTY_BODY = YES;
				CLANG_WARN_ENUM_CONVERSION = YES;
				CLANG_WARN_INFINITE_RECURSION = YES;
				CLANG_WARN_INT_CONVERSION = YES;
				CLANG_WARN_NON_LITERAL_NULL_CONVERSION = YES;
				CLANG_WARN_OBJC_IMPLICIT_RETAIN_SELF = YES;
				CLANG_WARN_OBJC_LITERAL_CONVERSION = YES;
				CLANG_WARN_OBJC_ROOT_CLASS = YES_ERROR;
				CLANG_WARN_QUOTED_INCLUDE_IN_FRAMEWORK_HEADER = YES;
				CLANG_WARN_RANGE_LOOP_ANALYSIS = YES;
				CLANG_WARN_STRICT_PROTOTYPES = YES;
				CLANG_WARN_SUSPICIOUS_MOVE = YES;
				CLANG_WARN_UNGUARDED_AVAILABILITY = YES_AGGRESSIVE;
				CLANG_WARN_UNREACHABLE_CODE = YES;
				CLANG_WARN__DUPLICATE_METHOD_MATCH = YES;
				COPY_PHASE_STRIP = NO;
				DEBUG_INFORMATION_FORMAT = dwarf;
				ENABLE_STRICT_OBJC_MSGSEND = YES;
				ENABLE_TESTABILITY = YES;
				ENABLE_USER_SCRIPT_SANDBOXING = YES;
				GCC_C_LANGUAGE_STANDARD = gnu17;
				GCC_DYNAMIC_NO_PIC = NO;
				GCC_NO_COMMON_BLOCKS = YES;
				GCC_OPTIMIZATION_LEVEL = 0;
				GCC_PREPROCESSOR_DEFINITIONS = (
					"DEBUG=1",
					"$(inherited)",
				);
				GCC_WARN_64_TO_32_BIT_CONVERSION = YES;
				GCC_WARN_ABOUT_RETURN_TYPE = YES_ERROR;
				GCC_WARN_UNDECLARED_SELECTOR = YES;
				GCC_WARN_UNINITIALIZED_AUTOS = YES_AGGRESSIVE;
				GCC_WARN_UNUSED_FUNCTION = YES;
				GCC_WARN_UNUSED_VARIABLE = YES;
				IPHONEOS_DEPLOYMENT_TARGET = 17.5;
				LOCALIZATION_PREFERS_STRING_CATALOGS = YES;
				MTL_ENABLE_DEBUG_INFO = INCLUDE_SOURCE;
				MTL_FAST_MATH = YES;
				ONLY_ACTIVE_ARCH = YES;
				SDKROOT = iphoneos;
				SWIFT_ACTIVE_COMPILATION_CONDITIONS = "DEBUG $(inherited)";
				SWIFT_OPTIMIZATION_LEVEL = "-Onone";
			};
			name = Debug;
		};
		D50D08C52C693ED800722C33 /* Release */ = {
			isa = XCBuildConfiguration;
			buildSettings = {
				ALWAYS_SEARCH_USER_PATHS = NO;
				ASSETCATALOG_COMPILER_GENERATE_SWIFT_ASSET_SYMBOL_EXTENSIONS = YES;
				CLANG_ANALYZER_NONNULL = YES;
				CLANG_ANALYZER_NUMBER_OBJECT_CONVERSION = YES_AGGRESSIVE;
				CLANG_CXX_LANGUAGE_STANDARD = "gnu++20";
				CLANG_ENABLE_MODULES = YES;
				CLANG_ENABLE_OBJC_ARC = YES;
				CLANG_ENABLE_OBJC_WEAK = YES;
				CLANG_WARN_BLOCK_CAPTURE_AUTORELEASING = YES;
				CLANG_WARN_BOOL_CONVERSION = YES;
				CLANG_WARN_COMMA = YES;
				CLANG_WARN_CONSTANT_CONVERSION = YES;
				CLANG_WARN_DEPRECATED_OBJC_IMPLEMENTATIONS = YES;
				CLANG_WARN_DIRECT_OBJC_ISA_USAGE = YES_ERROR;
				CLANG_WARN_DOCUMENTATION_COMMENTS = YES;
				CLANG_WARN_EMPTY_BODY = YES;
				CLANG_WARN_ENUM_CONVERSION = YES;
				CLANG_WARN_INFINITE_RECURSION = YES;
				CLANG_WARN_INT_CONVERSION = YES;
				CLANG_WARN_NON_LITERAL_NULL_CONVERSION = YES;
				CLANG_WARN_OBJC_IMPLICIT_RETAIN_SELF = YES;
				CLANG_WARN_OBJC_LITERAL_CONVERSION = YES;
				CLANG_WARN_OBJC_ROOT_CLASS = YES_ERROR;
				CLANG_WARN_QUOTED_INCLUDE_IN_FRAMEWORK_HEADER = YES;
				CLANG_WARN_RANGE_LOOP_ANALYSIS = YES;
				CLANG_WARN_STRICT_PROTOTYPES = YES;
				CLANG_WARN_SUSPICIOUS_MOVE = YES;
				CLANG_WARN_UNGUARDED_AVAILABILITY = YES_AGGRESSIVE;
				CLANG_WARN_UNREACHABLE_CODE = YES;
				CLANG_WARN__DUPLICATE_METHOD_MATCH = YES;
				COPY_PHASE_STRIP = NO;
				DEBUG_INFORMATION_FORMAT = "dwarf-with-dsym";
				ENABLE_NS_ASSERTIONS = NO;
				ENABLE_STRICT_OBJC_MSGSEND = YES;
				ENABLE_USER_SCRIPT_SANDBOXING = YES;
				GCC_C_LANGUAGE_STANDARD = gnu17;
				GCC_NO_COMMON_BLOCKS = YES;
				GCC_WARN_64_TO_32_BIT_CONVERSION = YES;
				GCC_WARN_ABOUT_RETURN_TYPE = YES_ERROR;
				GCC_WARN_UNDECLARED_SELECTOR = YES;
				GCC_WARN_UNINITIALIZED_AUTOS = YES_AGGRESSIVE;
				GCC_WARN_UNUSED_FUNCTION = YES;
				GCC_WARN_UNUSED_VARIABLE = YES;
				IPHONEOS_DEPLOYMENT_TARGET = 17.5;
				LOCALIZATION_PREFERS_STRING_CATALOGS = YES;
				MTL_ENABLE_DEBUG_INFO = NO;
				MTL_FAST_MATH = YES;
				SDKROOT = iphoneos;
				SWIFT_COMPILATION_MODE = wholemodule;
				VALIDATE_PRODUCT = YES;
			};
			name = Release;
		};
		D50D08C72C693ED800722C33 /* Debug */ = {
			isa = XCBuildConfiguration;
			buildSettings = {
				ASSETCATALOG_COMPILER_APPICON_NAME = AppIcon;
				ASSETCATALOG_COMPILER_GLOBAL_ACCENT_COLOR_NAME = AccentColor;
				CODE_SIGN_STYLE = Automatic;
				CURRENT_PROJECT_VERSION = 1;
				DEVELOPMENT_ASSET_PATHS = "\"LittleLemonReservationApp/Preview Content\"";
				DEVELOPMENT_TEAM = J6HQ2444HR;
				ENABLE_PREVIEWS = YES;
				GENERATE_INFOPLIST_FILE = YES;
				INFOPLIST_KEY_UIApplicationSceneManifest_Generation = YES;
				INFOPLIST_KEY_UIApplicationSupportsIndirectInputEvents = YES;
				INFOPLIST_KEY_UILaunchScreen_Generation = YES;
				INFOPLIST_KEY_UISupportedInterfaceOrientations_iPad = "UIInterfaceOrientationPortrait UIInterfaceOrientationPortraitUpsideDown UIInterfaceOrientationLandscapeLeft UIInterfaceOrientationLandscapeRight";
				INFOPLIST_KEY_UISupportedInterfaceOrientations_iPhone = "UIInterfaceOrientationPortrait UIInterfaceOrientationLandscapeLeft UIInterfaceOrientationLandscapeRight";
				LD_RUNPATH_SEARCH_PATHS = (
					"$(inherited)",
					"@executable_path/Frameworks",
				);
				MARKETING_VERSION = 1.0;
				PRODUCT_BUNDLE_IDENTIFIER = com.navya.LittleLemonReservationApp;
				PRODUCT_NAME = "$(TARGET_NAME)";
				SWIFT_EMIT_LOC_STRINGS = YES;
				SWIFT_VERSION = 5.0;
				TARGETED_DEVICE_FAMILY = "1,2";
			};
			name = Debug;
		};
		D50D08C82C693ED800722C33 /* Release */ = {
			isa = XCBuildConfiguration;
			buildSettings = {
				ASSETCATALOG_COMPILER_APPICON_NAME = AppIcon;
				ASSETCATALOG_COMPILER_GLOBAL_ACCENT_COLOR_NAME = AccentColor;
				CODE_SIGN_STYLE = Automatic;
				CURRENT_PROJECT_VERSION = 1;
				DEVELOPMENT_ASSET_PATHS = "\"LittleLemonReservationApp/Preview Content\"";
				DEVELOPMENT_TEAM = J6HQ2444HR;
				ENABLE_PREVIEWS = YES;
				GENERATE_INFOPLIST_FILE = YES;
				INFOPLIST_KEY_UIApplicationSceneManifest_Generation = YES;
				INFOPLIST_KEY_UIApplicationSupportsIndirectInputEvents = YES;
				INFOPLIST_KEY_UILaunchScreen_Generation = YES;
				INFOPLIST_KEY_UISupportedInterfaceOrientations_iPad = "UIInterfaceOrientationPortrait UIInterfaceOrientationPortraitUpsideDown UIInterfaceOrientationLandscapeLeft UIInterfaceOrientationLandscapeRight";
				INFOPLIST_KEY_UISupportedInterfaceOrientations_iPhone = "UIInterfaceOrientationPortrait UIInterfaceOrientationLandscapeLeft UIInterfaceOrientationLandscapeRight";
				LD_RUNPATH_SEARCH_PATHS = (
					"$(inherited)",
					"@executable_path/Frameworks",
				);
				MARKETING_VERSION = 1.0;
				PRODUCT_BUNDLE_IDENTIFIER = com.navya.LittleLemonReservationApp;
				PRODUCT_NAME = "$(TARGET_NAME)";
				SWIFT_EMIT_LOC_STRINGS = YES;
				SWIFT_VERSION = 5.0;
				TARGETED_DEVICE_FAMILY = "1,2";
			};
			name = Release;
		};
		D50D08CA2C693ED800722C33 /* Debug */ = {
			isa = XCBuildConfiguration;
			buildSettings = {
				ALWAYS_EMBED_SWIFT_STANDARD_LIBRARIES = YES;
				BUNDLE_LOADER = "$(TEST_HOST)";
				CODE_SIGN_STYLE = Automatic;
				CURRENT_PROJECT_VERSION = 1;
				DEVELOPMENT_TEAM = J6HQ2444HR;
				GENERATE_INFOPLIST_FILE = YES;
				IPHONEOS_DEPLOYMENT_TARGET = 17.5;
				MARKETING_VERSION = 1.0;
				PRODUCT_BUNDLE_IDENTIFIER = com.navya.LittleLemonReservationAppTests;
				PRODUCT_NAME = "$(TARGET_NAME)";
				SWIFT_EMIT_LOC_STRINGS = NO;
				SWIFT_VERSION = 5.0;
				TARGETED_DEVICE_FAMILY = "1,2";
				TEST_HOST = "$(BUILT_PRODUCTS_DIR)/LittleLemonReservationApp.app/$(BUNDLE_EXECUTABLE_FOLDER_PATH)/LittleLemonReservationApp";
			};
			name = Debug;
		};
		D50D08CB2C693ED800722C33 /* Release */ = {
			isa = XCBuildConfiguration;
			buildSettings = {
				ALWAYS_EMBED_SWIFT_STANDARD_LIBRARIES = YES;
				BUNDLE_LOADER = "$(TEST_HOST)";
				CODE_SIGN_STYLE = Automatic;
				CURRENT_PROJECT_VERSION = 1;
				DEVELOPMENT_TEAM = J6HQ2444HR;
				GENERATE_INFOPLIST_FILE = YES;
				IPHONEOS_DEPLOYMENT_TARGET = 17.5;
				MARKETING_VERSION = 1.0;
				PRODUCT_BUNDLE_IDENTIFIER = com.navya.LittleLemonReservationAppTests;
				PRODUCT_NAME = "$(TARGET_NAME)";
				SWIFT_EMIT_LOC_STRINGS = NO;
				SWIFT_VERSION = 5.0;
				TARGETED_DEVICE_FAMILY = "1,2";
				TEST_HOST = "$(BUILT_PRODUCTS_DIR)/LittleLemonReservationApp.app/$(BUNDLE_EXECUTABLE_FOLDER_PATH)/LittleLemonReservationApp";
			};
			name = Release;
		};
		D50D08CD2C693ED800722C33 /* Debug */ = {
			isa = XCBuildConfiguration;
			buildSettings = {
				ALWAYS_EMBED_SWIFT_STANDARD_LIBRARIES = YES;
				CODE_SIGN_STYLE = Automatic;
				CURRENT_PROJECT_VERSION = 1;
				DEVELOPMENT_TEAM = J6HQ2444HR;
				GENERATE_INFOPLIST_FILE = YES;
				MARKETING_VERSION = 1.0;
				PRODUCT_BUNDLE_IDENTIFIER = com.navya.LittleLemonReservationAppUITests;
				PRODUCT_NAME = "$(TARGET_NAME)";
				SWIFT_EMIT_LOC_STRINGS = NO;
				SWIFT_VERSION = 5.0;
				TARGETED_DEVICE_FAMILY = "1,2";
				TEST_TARGET_NAME = LittleLemonReservationApp;
			};
			name = Debug;
		};
		D50D08CE2C693ED800722C33 /* Release */ = {
			isa = XCBuildConfiguration;
			buildSettings = {
				ALWAYS_EMBED_SWIFT_STANDARD_LIBRARIES = YES;
				CODE_SIGN_STYLE = Automatic;
				CURRENT_PROJECT_VERSION = 1;
				DEVELOPMENT_TEAM = J6HQ2444HR;
				GENERATE_INFOPLIST_FILE = YES;
				MARKETING_VERSION = 1.0;
				PRODUCT_BUNDLE_IDENTIFIER = com.navya.LittleLemonReservationAppUITests;
				PRODUCT_NAME = "$(TARGET_NAME)";
				SWIFT_EMIT_LOC_STRINGS = NO;
				SWIFT_VERSION = 5.0;
				TARGETED_DEVICE_FAMILY = "1,2";
				TEST_TARGET_NAME = LittleLemonReservationApp;
			};
			name = Release;
		};
/* End XCBuildConfiguration section */

/* Begin XCConfigurationList section */
		D50D089D2C693ED300722C33 /* Build configuration list for PBXProject "LittleLemonReservationApp" */ = {
			isa = XCConfigurationList;
			buildConfigurations = (
				D50D08C42C693ED800722C33 /* Debug */,
				D50D08C52C693ED800722C33 /* Release */,
			);
			defaultConfigurationIsVisible = 0;
			defaultConfigurationName = Release;
		};
		D50D08C62C693ED800722C33 /* Build configuration list for PBXNativeTarget "LittleLemonReservationApp" */ = {
			isa = XCConfigurationList;
			buildConfigurations = (
				D50D08C72C693ED800722C33 /* Debug */,
				D50D08C82C693ED800722C33 /* Release */,
			);
			defaultConfigurationIsVisible = 0;
			defaultConfigurationName = Release;
		};
		D50D08C92C693ED800722C33 /* Build configuration list for PBXNativeTarget "LittleLemonReservationAppTests" */ = {
			isa = XCConfigurationList;
			buildConfigurations = (
				D50D08CA2C693ED800722C33 /* Debug */,
				D50D08CB2C693ED800722C33 /* Release */,
			);
			defaultConfigurationIsVisible = 0;
			defaultConfigurationName = Release;
		};
		D50D08CC2C693ED800722C33 /* Build configuration list for PBXNativeTarget "LittleLemonReservationAppUITests" */ = {
			isa = XCConfigurationList;
			buildConfigurations = (
				D50D08CD2C693ED800722C33 /* Debug */,
				D50D08CE2C693ED800722C33 /* Release */,
			);
			defaultConfigurationIsVisible = 0;
			defaultConfigurationName = Release;
		};
/* End XCConfigurationList section */
	};
	rootObject = D50D089A2C693ED300722C33 /* Project object */;
}
